
Microsoft Visual Studio Solution File, Format Version 12.00
# Visual Studio Version 17
VisualStudioVersion = 17.13.35913.81 d17.13
MinimumVisualStudioVersion = 10.0.40219.1
Project("{FAE04EC0-301F-11D3-BF4B-00C04F79EFBC}") = "Ejercicio2", "Ejercicio2\Ejercicio2.csproj", "{AD5A9302-3F6F-40DC-8497-C8CC724B493F}"
EndProject
Global
	GlobalSection(SolutionConfigurationPlatforms) = preSolution
		Debug|Any CPU = Debug|Any CPU
		Release|Any CPU = Release|Any CPU
	EndGlobalSection
	GlobalSection(ProjectConfigurationPlatforms) = postSolution
		{AD5A9302-3F6F-40DC-8497-C8CC724B493F}.Debug|Any CPU.ActiveCfg = Debug|Any CPU
		{AD5A9302-3F6F-40DC-8497-C8CC724B493F}.Debug|Any CPU.Build.0 = Debug|Any CPU
		{AD5A9302-3F6F-40DC-8497-C8CC724B493F}.Release|Any CPU.ActiveCfg = Release|Any CPU
		{AD5A9302-3F6F-40DC-8497-C8CC724B493F}.Release|Any CPU.Build.0 = Release|Any CPU
	EndGlobalSection
	GlobalSection(SolutionProperties) = preSolution
		HideSolutionNode = FALSE
	EndGlobalSection
	GlobalSection(ExtensibilityGlobals) = postSolution
		SolutionGuid = {C9E9C30D-78EC-4AC9-A4D9-1719CE089995}
	EndGlobalSection
EndGlobal
